
Microsoft Visual Studio Solution File, Format Version 12.00
# Visual Studio Version 17
VisualStudioVersion = 17.2.32505.173
MinimumVisualStudioVersion = 10.0.40219.1
Project("{FAE04EC0-301F-11D3-BF4B-00C04F79EFBC}") = "MyCoreApp", "MyCoreApp\MyCoreApp.csproj", "{4AE3627C-C5F0-4C49-A6AD-224368822962}"
EndProject
Global
	GlobalSection(SolutionConfigurationPlatforms) = preSolution
		Debug|Any CPU = Debug|Any CPU
		Release|Any CPU = Release|Any CPU
	EndGlobalSection
	GlobalSection(ProjectConfigurationPlatforms) = postSolution
		{4AE3627C-C5F0-4C49-A6AD-224368822962}.Debug|Any CPU.ActiveCfg = Debug|Any CPU
		{4AE3627C-C5F0-4C49-A6AD-224368822962}.Debug|Any CPU.Build.0 = Debug|Any CPU
		{4AE3627C-C5F0-4C49-A6AD-224368822962}.Release|Any CPU.ActiveCfg = Release|Any CPU
		{4AE3627C-C5F0-4C49-A6AD-224368822962}.Release|Any CPU.Build.0 = Release|Any CPU
	EndGlobalSection
	GlobalSection(SolutionProperties) = preSolution
		HideSolutionNode = FALSE
	EndGlobalSection
	GlobalSection(ExtensibilityGlobals) = postSolution
		SolutionGuid = {88E01D60-0A4E-4BEE-8B70-55FB67E33485}
	EndGlobalSection
EndGlobal
